
Microsoft Visual Studio Solution File, Format Version 12.00
# Visual Studio Version 17
VisualStudioVersion = 17.3.32811.315
MinimumVisualStudioVersion = 10.0.40219.1
Project("{FAE04EC0-301F-11D3-BF4B-00C04F79EFBC}") = "program4", "program4\program4.csproj", "{62E7C20A-7F57-4A78-B190-73471EB0BA4D}"
EndProject
Global
	GlobalSection(SolutionConfigurationPlatforms) = preSolution
		Debug|Any CPU = Debug|Any CPU
		Release|Any CPU = Release|Any CPU
	EndGlobalSection
	GlobalSection(ProjectConfigurationPlatforms) = postSolution
		{62E7C20A-7F57-4A78-B190-73471EB0BA4D}.Debug|Any CPU.ActiveCfg = Debug|Any CPU
		{62E7C20A-7F57-4A78-B190-73471EB0BA4D}.Debug|Any CPU.Build.0 = Debug|Any CPU
		{62E7C20A-7F57-4A78-B190-73471EB0BA4D}.Release|Any CPU.ActiveCfg = Release|Any CPU
		{62E7C20A-7F57-4A78-B190-73471EB0BA4D}.Release|Any CPU.Build.0 = Release|Any CPU
	EndGlobalSection
	GlobalSection(SolutionProperties) = preSolution
		HideSolutionNode = FALSE
	EndGlobalSection
	GlobalSection(ExtensibilityGlobals) = postSolution
		SolutionGuid = {BF4419D8-F504-426E-A144-C9CFB8E7ACE8}
	EndGlobalSection
EndGlobal
